// !$*UTF8*$!
{
	archiveVersion = 1;
	classes = {
	};
	objectVersion = 56;
	objects = {

/* Begin PBXBuildFile section */
		692AD5552B51A018000F6666 /* CoffeeTrackerApp.swift in Sources */ = {isa = PBXBuildFile; fileRef = 692AD5542B51A018000F6666 /* CoffeeTrackerApp.swift */; };
		692AD5572B51A018000F6666 /* ContentView.swift in Sources */ = {isa = PBXBuildFile; fileRef = 692AD5562B51A018000F6666 /* ContentView.swift */; };
		692AD5592B51A019000F6666 /* Assets.xcassets in Resources */ = {isa = PBXBuildFile; fileRef = 692AD5582B51A019000F6666 /* Assets.xcassets */; };
		692AD55C2B51A019000F6666 /* Preview Assets.xcassets in Resources */ = {isa = PBXBuildFile; fileRef = 692AD55B2B51A019000F6666 /* Preview Assets.xcassets */; };
		692AD5652B51A1F2000F6666 /* AppCore in Frameworks */ = {isa = PBXBuildFile; productRef = 692AD5642B51A1F2000F6666 /* AppCore */; };
		69C193892B92391200125C1F /* GoogleService-Info.plist in Resources */ = {isa = PBXBuildFile; fileRef = 69C193882B92391200125C1F /* GoogleService-Info.plist */; };
		69C1938C2B92399500125C1F /* FirebaseAnalytics in Frameworks */ = {isa = PBXBuildFile; productRef = 69C1938B2B92399500125C1F /* FirebaseAnalytics */; };
		69C1938E2B92399500125C1F /* FirebaseAnalyticsOnDeviceConversion in Frameworks */ = {isa = PBXBuildFile; productRef = 69C1938D2B92399500125C1F /* FirebaseAnalyticsOnDeviceConversion */; };
		69C193902B92399500125C1F /* FirebaseAnalyticsSwift in Frameworks */ = {isa = PBXBuildFile; productRef = 69C1938F2B92399500125C1F /* FirebaseAnalyticsSwift */; };
		69C193922B92399500125C1F /* FirebaseAnalyticsWithoutAdIdSupport in Frameworks */ = {isa = PBXBuildFile; productRef = 69C193912B92399500125C1F /* FirebaseAnalyticsWithoutAdIdSupport */; };
		69C193942B92399500125C1F /* FirebaseAppCheck in Frameworks */ = {isa = PBXBuildFile; productRef = 69C193932B92399500125C1F /* FirebaseAppCheck */; };
		69C193962B92399500125C1F /* FirebaseAppDistribution-Beta in Frameworks */ = {isa = PBXBuildFile; productRef = 69C193952B92399500125C1F /* FirebaseAppDistribution-Beta */; };
		69C193982B92399500125C1F /* FirebaseAuth in Frameworks */ = {isa = PBXBuildFile; productRef = 69C193972B92399500125C1F /* FirebaseAuth */; };
		69C1939A2B92399500125C1F /* FirebaseAuthCombine-Community in Frameworks */ = {isa = PBXBuildFile; productRef = 69C193992B92399500125C1F /* FirebaseAuthCombine-Community */; };
		69C1939C2B92399500125C1F /* FirebaseCrashlytics in Frameworks */ = {isa = PBXBuildFile; productRef = 69C1939B2B92399500125C1F /* FirebaseCrashlytics */; };
		69C1939E2B92399500125C1F /* FirebaseDatabase in Frameworks */ = {isa = PBXBuildFile; productRef = 69C1939D2B92399500125C1F /* FirebaseDatabase */; };
		69C193A02B92399500125C1F /* FirebaseDatabaseSwift in Frameworks */ = {isa = PBXBuildFile; productRef = 69C1939F2B92399500125C1F /* FirebaseDatabaseSwift */; };
		69C193A22B92399500125C1F /* FirebaseDynamicLinks in Frameworks */ = {isa = PBXBuildFile; productRef = 69C193A12B92399500125C1F /* FirebaseDynamicLinks */; };
		69C193A42B92399500125C1F /* FirebaseFirestore in Frameworks */ = {isa = PBXBuildFile; productRef = 69C193A32B92399500125C1F /* FirebaseFirestore */; };
		69C193A62B92399500125C1F /* FirebaseFirestoreCombine-Community in Frameworks */ = {isa = PBXBuildFile; productRef = 69C193A52B92399500125C1F /* FirebaseFirestoreCombine-Community */; };
		69C193A82B92399500125C1F /* FirebaseFirestoreSwift in Frameworks */ = {isa = PBXBuildFile; productRef = 69C193A72B92399500125C1F /* FirebaseFirestoreSwift */; };
		69C193AA2B92399500125C1F /* FirebaseFunctions in Frameworks */ = {isa = PBXBuildFile; productRef = 69C193A92B92399500125C1F /* FirebaseFunctions */; };
		69C193AC2B92399500125C1F /* FirebaseFunctionsCombine-Community in Frameworks */ = {isa = PBXBuildFile; productRef = 69C193AB2B92399500125C1F /* FirebaseFunctionsCombine-Community */; };
		69C193AE2B92399500125C1F /* FirebaseInAppMessaging-Beta in Frameworks */ = {isa = PBXBuildFile; productRef = 69C193AD2B92399500125C1F /* FirebaseInAppMessaging-Beta */; };
		69C193B02B92399500125C1F /* FirebaseInAppMessagingSwift-Beta in Frameworks */ = {isa = PBXBuildFile; productRef = 69C193AF2B92399500125C1F /* FirebaseInAppMessagingSwift-Beta */; };
		69C193B22B92399500125C1F /* FirebaseInstallations in Frameworks */ = {isa = PBXBuildFile; productRef = 69C193B12B92399500125C1F /* FirebaseInstallations */; };
		69C193B42B92399500125C1F /* FirebaseMessaging in Frameworks */ = {isa = PBXBuildFile; productRef = 69C193B32B92399500125C1F /* FirebaseMessaging */; };
		69C193B62B92399500125C1F /* FirebasePerformance in Frameworks */ = {isa = PBXBuildFile; productRef = 69C193B52B92399500125C1F /* FirebasePerformance */; };
		69C193B82B92399500125C1F /* FirebaseRemoteConfig in Frameworks */ = {isa = PBXBuildFile; productRef = 69C193B72B92399500125C1F /* FirebaseRemoteConfig */; };
		69C193BA2B92399500125C1F /* FirebaseRemoteConfigSwift in Frameworks */ = {isa = PBXBuildFile; productRef = 69C193B92B92399500125C1F /* FirebaseRemoteConfigSwift */; };
		69C193BC2B92399500125C1F /* FirebaseStorage in Frameworks */ = {isa = PBXBuildFile; productRef = 69C193BB2B92399500125C1F /* FirebaseStorage */; };
		69C193BE2B92399500125C1F /* FirebaseStorageCombine-Community in Frameworks */ = {isa = PBXBuildFile; productRef = 69C193BD2B92399500125C1F /* FirebaseStorageCombine-Community */; };
/* End PBXBuildFile section */

/* Begin PBXFileReference section */
		692AD5512B51A018000F6666 /* CoffeeTracker.app */ = {isa = PBXFileReference; explicitFileType = wrapper.application; includeInIndex = 0; path = CoffeeTracker.app; sourceTree = BUILT_PRODUCTS_DIR; };
		692AD5542B51A018000F6666 /* CoffeeTrackerApp.swift */ = {isa = PBXFileReference; lastKnownFileType = sourcecode.swift; path = CoffeeTrackerApp.swift; sourceTree = "<group>"; };
		692AD5562B51A018000F6666 /* ContentView.swift */ = {isa = PBXFileReference; lastKnownFileType = sourcecode.swift; path = ContentView.swift; sourceTree = "<group>"; };
		692AD5582B51A019000F6666 /* Assets.xcassets */ = {isa = PBXFileReference; lastKnownFileType = folder.assetcatalog; path = Assets.xcassets; sourceTree = "<group>"; };
		692AD55B2B51A019000F6666 /* Preview Assets.xcassets */ = {isa = PBXFileReference; lastKnownFileType = folder.assetcatalog; path = "Preview Assets.xcassets"; sourceTree = "<group>"; };
		692AD5622B51A0CD000F6666 /* AppCore */ = {isa = PBXFileReference; lastKnownFileType = wrapper; name = AppCore; path = ../AppCore; sourceTree = "<group>"; };
		69C193882B92391200125C1F /* GoogleService-Info.plist */ = {isa = PBXFileReference; fileEncoding = 4; lastKnownFileType = text.plist.xml; name = "GoogleService-Info.plist"; path = "../../../../../Downloads/GoogleService-Info.plist"; sourceTree = "<group>"; };
/* End PBXFileReference section */

/* Begin PBXFrameworksBuildPhase section */
		692AD54E2B51A018000F6666 /* Frameworks */ = {
			isa = PBXFrameworksBuildPhase;
			buildActionMask = 2147483647;
			files = (
				69C193AA2B92399500125C1F /* FirebaseFunctions in Frameworks */,
				69C193A02B92399500125C1F /* FirebaseDatabaseSwift in Frameworks */,
				69C193B02B92399500125C1F /* FirebaseInAppMessagingSwift-Beta in Frameworks */,
				69C193962B92399500125C1F /* FirebaseAppDistribution-Beta in Frameworks */,
				69C1939A2B92399500125C1F /* FirebaseAuthCombine-Community in Frameworks */,
				69C193A62B92399500125C1F /* FirebaseFirestoreCombine-Community in Frameworks */,
				69C193902B92399500125C1F /* FirebaseAnalyticsSwift in Frameworks */,
				69C193922B92399500125C1F /* FirebaseAnalyticsWithoutAdIdSupport in Frameworks */,
				69C1938C2B92399500125C1F /* FirebaseAnalytics in Frameworks */,
				69C193A82B92399500125C1F /* FirebaseFirestoreSwift in Frameworks */,
				69C1938E2B92399500125C1F /* FirebaseAnalyticsOnDeviceConversion in Frameworks */,
				69C193942B92399500125C1F /* FirebaseAppCheck in Frameworks */,
				69C193BA2B92399500125C1F /* FirebaseRemoteConfigSwift in Frameworks */,
				69C193AE2B92399500125C1F /* FirebaseInAppMessaging-Beta in Frameworks */,
				69C193AC2B92399500125C1F /* FirebaseFunctionsCombine-Community in Frameworks */,
				69C1939C2B92399500125C1F /* FirebaseCrashlytics in Frameworks */,
				69C193BE2B92399500125C1F /* FirebaseStorageCombine-Community in Frameworks */,
				69C193B82B92399500125C1F /* FirebaseRemoteConfig in Frameworks */,
				69C193B22B92399500125C1F /* FirebaseInstallations in Frameworks */,
				69C1939E2B92399500125C1F /* FirebaseDatabase in Frameworks */,
				69C193B62B92399500125C1F /* FirebasePerformance in Frameworks */,
				692AD5652B51A1F2000F6666 /* AppCore in Frameworks */,
				69C193BC2B92399500125C1F /* FirebaseStorage in Frameworks */,
				69C193982B92399500125C1F /* FirebaseAuth in Frameworks */,
				69C193A22B92399500125C1F /* FirebaseDynamicLinks in Frameworks */,
				69C193B42B92399500125C1F /* FirebaseMessaging in Frameworks */,
				69C193A42B92399500125C1F /* FirebaseFirestore in Frameworks */,
			);
			runOnlyForDeploymentPostprocessing = 0;
		};
/* End PBXFrameworksBuildPhase section */

/* Begin PBXGroup section */
		692AD5482B51A018000F6666 = {
			isa = PBXGroup;
			children = (
				692AD5622B51A0CD000F6666 /* AppCore */,
				692AD5532B51A018000F6666 /* CoffeeTracker */,
				692AD5522B51A018000F6666 /* Products */,
				692AD5632B51A1F2000F6666 /* Frameworks */,
			);
			sourceTree = "<group>";
		};
		692AD5522B51A018000F6666 /* Products */ = {
			isa = PBXGroup;
			children = (
				692AD5512B51A018000F6666 /* CoffeeTracker.app */,
			);
			name = Products;
			sourceTree = "<group>";
		};
		692AD5532B51A018000F6666 /* CoffeeTracker */ = {
			isa = PBXGroup;
			children = (
				69C193882B92391200125C1F /* GoogleService-Info.plist */,
				692AD5542B51A018000F6666 /* CoffeeTrackerApp.swift */,
				692AD5562B51A018000F6666 /* ContentView.swift */,
				692AD5582B51A019000F6666 /* Assets.xcassets */,
				692AD55A2B51A019000F6666 /* Preview Content */,
			);
			path = CoffeeTracker;
			sourceTree = "<group>";
		};
		692AD55A2B51A019000F6666 /* Preview Content */ = {
			isa = PBXGroup;
			children = (
				692AD55B2B51A019000F6666 /* Preview Assets.xcassets */,
			);
			path = "Preview Content";
			sourceTree = "<group>";
		};
		692AD5632B51A1F2000F6666 /* Frameworks */ = {
			isa = PBXGroup;
			children = (
			);
			name = Frameworks;
			sourceTree = "<group>";
		};
/* End PBXGroup section */

/* Begin PBXNativeTarget section */
		692AD5502B51A018000F6666 /* CoffeeTracker */ = {
			isa = PBXNativeTarget;
			buildConfigurationList = 692AD55F2B51A019000F6666 /* Build configuration list for PBXNativeTarget "CoffeeTracker" */;
			buildPhases = (
				692AD54D2B51A018000F6666 /* Sources */,
				692AD54E2B51A018000F6666 /* Frameworks */,
				692AD54F2B51A018000F6666 /* Resources */,
			);
			buildRules = (
			);
			dependencies = (
			);
			name = CoffeeTracker;
			packageProductDependencies = (
				692AD5642B51A1F2000F6666 /* AppCore */,
				69C1938B2B92399500125C1F /* FirebaseAnalytics */,
				69C1938D2B92399500125C1F /* FirebaseAnalyticsOnDeviceConversion */,
				69C1938F2B92399500125C1F /* FirebaseAnalyticsSwift */,
				69C193912B92399500125C1F /* FirebaseAnalyticsWithoutAdIdSupport */,
				69C193932B92399500125C1F /* FirebaseAppCheck */,
				69C193952B92399500125C1F /* FirebaseAppDistribution-Beta */,
				69C193972B92399500125C1F /* FirebaseAuth */,
				69C193992B92399500125C1F /* FirebaseAuthCombine-Community */,
				69C1939B2B92399500125C1F /* FirebaseCrashlytics */,
				69C1939D2B92399500125C1F /* FirebaseDatabase */,
				69C1939F2B92399500125C1F /* FirebaseDatabaseSwift */,
				69C193A12B92399500125C1F /* FirebaseDynamicLinks */,
				69C193A32B92399500125C1F /* FirebaseFirestore */,
				69C193A52B92399500125C1F /* FirebaseFirestoreCombine-Community */,
				69C193A72B92399500125C1F /* FirebaseFirestoreSwift */,
				69C193A92B92399500125C1F /* FirebaseFunctions */,
				69C193AB2B92399500125C1F /* FirebaseFunctionsCombine-Community */,
				69C193AD2B92399500125C1F /* FirebaseInAppMessaging-Beta */,
				69C193AF2B92399500125C1F /* FirebaseInAppMessagingSwift-Beta */,
				69C193B12B92399500125C1F /* FirebaseInstallations */,
				69C193B32B92399500125C1F /* FirebaseMessaging */,
				69C193B52B92399500125C1F /* FirebasePerformance */,
				69C193B72B92399500125C1F /* FirebaseRemoteConfig */,
				69C193B92B92399500125C1F /* FirebaseRemoteConfigSwift */,
				69C193BB2B92399500125C1F /* FirebaseStorage */,
				69C193BD2B92399500125C1F /* FirebaseStorageCombine-Community */,
			);
			productName = CoffeeTracker;
			productReference = 692AD5512B51A018000F6666 /* CoffeeTracker.app */;
			productType = "com.apple.product-type.application";
		};
/* End PBXNativeTarget section */

/* Begin PBXProject section */
		692AD5492B51A018000F6666 /* Project object */ = {
			isa = PBXProject;
			attributes = {
				BuildIndependentTargetsInParallel = 1;
				LastSwiftUpdateCheck = 1520;
				LastUpgradeCheck = 1520;
				TargetAttributes = {
					692AD5502B51A018000F6666 = {
						CreatedOnToolsVersion = 15.2;
					};
				};
			};
			buildConfigurationList = 692AD54C2B51A018000F6666 /* Build configuration list for PBXProject "CoffeeTracker" */;
			compatibilityVersion = "Xcode 14.0";
			developmentRegion = en;
			hasScannedForEncodings = 0;
			knownRegions = (
				en,
				Base,
			);
			mainGroup = 692AD5482B51A018000F6666;
			packageReferences = (
				69C1938A2B92399500125C1F /* XCRemoteSwiftPackageReference "firebase-ios-sdk" */,
			);
			productRefGroup = 692AD5522B51A018000F6666 /* Products */;
			projectDirPath = "";
			projectRoot = "";
			targets = (
				692AD5502B51A018000F6666 /* CoffeeTracker */,
			);
		};
/* End PBXProject section */

/* Begin PBXResourcesBuildPhase section */
		692AD54F2B51A018000F6666 /* Resources */ = {
			isa = PBXResourcesBuildPhase;
			buildActionMask = 2147483647;
			files = (
				692AD55C2B51A019000F6666 /* Preview Assets.xcassets in Resources */,
				692AD5592B51A019000F6666 /* Assets.xcassets in Resources */,
				69C193892B92391200125C1F /* GoogleService-Info.plist in Resources */,
			);
			runOnlyForDeploymentPostprocessing = 0;
		};
/* End PBXResourcesBuildPhase section */

/* Begin PBXSourcesBuildPhase section */
		692AD54D2B51A018000F6666 /* Sources */ = {
			isa = PBXSourcesBuildPhase;
			buildActionMask = 2147483647;
			files = (
				692AD5572B51A018000F6666 /* ContentView.swift in Sources */,
				692AD5552B51A018000F6666 /* CoffeeTrackerApp.swift in Sources */,
			);
			runOnlyForDeploymentPostprocessing = 0;
		};
/* End PBXSourcesBuildPhase section */

/* Begin XCBuildConfiguration section */
		692AD55D2B51A019000F6666 /* Debug */ = {
			isa = XCBuildConfiguration;
			buildSettings = {
				ALWAYS_SEARCH_USER_PATHS = NO;
				ASSETCATALOG_COMPILER_GENERATE_SWIFT_ASSET_SYMBOL_EXTENSIONS = YES;
				CLANG_ANALYZER_NONNULL = YES;
				CLANG_ANALYZER_NUMBER_OBJECT_CONVERSION = YES_AGGRESSIVE;
				CLANG_CXX_LANGUAGE_STANDARD = "gnu++20";
				CLANG_ENABLE_MODULES = YES;
				CLANG_ENABLE_OBJC_ARC = YES;
				CLANG_ENABLE_OBJC_WEAK = YES;
				CLANG_WARN_BLOCK_CAPTURE_AUTORELEASING = YES;
				CLANG_WARN_BOOL_CONVERSION = YES;
				CLANG_WARN_COMMA = YES;
				CLANG_WARN_CONSTANT_CONVERSION = YES;
				CLANG_WARN_DEPRECATED_OBJC_IMPLEMENTATIONS = YES;
				CLANG_WARN_DIRECT_OBJC_ISA_USAGE = YES_ERROR;
				CLANG_WARN_DOCUMENTATION_COMMENTS = YES;
				CLANG_WARN_EMPTY_BODY = YES;
				CLANG_WARN_ENUM_CONVERSION = YES;
				CLANG_WARN_INFINITE_RECURSION = YES;
				CLANG_WARN_INT_CONVERSION = YES;
				CLANG_WARN_NON_LITERAL_NULL_CONVERSION = YES;
				CLANG_WARN_OBJC_IMPLICIT_RETAIN_SELF = YES;
				CLANG_WARN_OBJC_LITERAL_CONVERSION = YES;
				CLANG_WARN_OBJC_ROOT_CLASS = YES_ERROR;
				CLANG_WARN_QUOTED_INCLUDE_IN_FRAMEWORK_HEADER = YES;
				CLANG_WARN_RANGE_LOOP_ANALYSIS = YES;
				CLANG_WARN_STRICT_PROTOTYPES = YES;
				CLANG_WARN_SUSPICIOUS_MOVE = YES;
				CLANG_WARN_UNGUARDED_AVAILABILITY = YES_AGGRESSIVE;
				CLANG_WARN_UNREACHABLE_CODE = YES;
				CLANG_WARN__DUPLICATE_METHOD_MATCH = YES;
				COPY_PHASE_STRIP = NO;
				DEBUG_INFORMATION_FORMAT = dwarf;
				ENABLE_STRICT_OBJC_MSGSEND = YES;
				ENABLE_TESTABILITY = YES;
				ENABLE_USER_SCRIPT_SANDBOXING = YES;
				GCC_C_LANGUAGE_STANDARD = gnu17;
				GCC_DYNAMIC_NO_PIC = NO;
				GCC_NO_COMMON_BLOCKS = YES;
				GCC_OPTIMIZATION_LEVEL = 0;
				GCC_PREPROCESSOR_DEFINITIONS = (
					"DEBUG=1",
					"$(inherited)",
				);
				GCC_WARN_64_TO_32_BIT_CONVERSION = YES;
				GCC_WARN_ABOUT_RETURN_TYPE = YES_ERROR;
				GCC_WARN_UNDECLARED_SELECTOR = YES;
				GCC_WARN_UNINITIALIZED_AUTOS = YES_AGGRESSIVE;
				GCC_WARN_UNUSED_FUNCTION = YES;
				GCC_WARN_UNUSED_VARIABLE = YES;
				IPHONEOS_DEPLOYMENT_TARGET = 17.2;
				LOCALIZATION_PREFERS_STRING_CATALOGS = YES;
				MTL_ENABLE_DEBUG_INFO = INCLUDE_SOURCE;
				MTL_FAST_MATH = YES;
				ONLY_ACTIVE_ARCH = YES;
				SDKROOT = iphoneos;
				SWIFT_ACTIVE_COMPILATION_CONDITIONS = "DEBUG $(inherited)";
				SWIFT_OPTIMIZATION_LEVEL = "-Onone";
			};
			name = Debug;
		};
		692AD55E2B51A019000F6666 /* Release */ = {
			isa = XCBuildConfiguration;
			buildSettings = {
				ALWAYS_SEARCH_USER_PATHS = NO;
				ASSETCATALOG_COMPILER_GENERATE_SWIFT_ASSET_SYMBOL_EXTENSIONS = YES;
				CLANG_ANALYZER_NONNULL = YES;
				CLANG_ANALYZER_NUMBER_OBJECT_CONVERSION = YES_AGGRESSIVE;
				CLANG_CXX_LANGUAGE_STANDARD = "gnu++20";
				CLANG_ENABLE_MODULES = YES;
				CLANG_ENABLE_OBJC_ARC = YES;
				CLANG_ENABLE_OBJC_WEAK = YES;
				CLANG_WARN_BLOCK_CAPTURE_AUTORELEASING = YES;
				CLANG_WARN_BOOL_CONVERSION = YES;
				CLANG_WARN_COMMA = YES;
				CLANG_WARN_CONSTANT_CONVERSION = YES;
				CLANG_WARN_DEPRECATED_OBJC_IMPLEMENTATIONS = YES;
				CLANG_WARN_DIRECT_OBJC_ISA_USAGE = YES_ERROR;
				CLANG_WARN_DOCUMENTATION_COMMENTS = YES;
				CLANG_WARN_EMPTY_BODY = YES;
				CLANG_WARN_ENUM_CONVERSION = YES;
				CLANG_WARN_INFINITE_RECURSION = YES;
				CLANG_WARN_INT_CONVERSION = YES;
				CLANG_WARN_NON_LITERAL_NULL_CONVERSION = YES;
				CLANG_WARN_OBJC_IMPLICIT_RETAIN_SELF = YES;
				CLANG_WARN_OBJC_LITERAL_CONVERSION = YES;
				CLANG_WARN_OBJC_ROOT_CLASS = YES_ERROR;
				CLANG_WARN_QUOTED_INCLUDE_IN_FRAMEWORK_HEADER = YES;
				CLANG_WARN_RANGE_LOOP_ANALYSIS = YES;
				CLANG_WARN_STRICT_PROTOTYPES = YES;
				CLANG_WARN_SUSPICIOUS_MOVE = YES;
				CLANG_WARN_UNGUARDED_AVAILABILITY = YES_AGGRESSIVE;
				CLANG_WARN_UNREACHABLE_CODE = YES;
				CLANG_WARN__DUPLICATE_METHOD_MATCH = YES;
				COPY_PHASE_STRIP = NO;
				DEBUG_INFORMATION_FORMAT = "dwarf-with-dsym";
				ENABLE_NS_ASSERTIONS = NO;
				ENABLE_STRICT_OBJC_MSGSEND = YES;
				ENABLE_USER_SCRIPT_SANDBOXING = YES;
				GCC_C_LANGUAGE_STANDARD = gnu17;
				GCC_NO_COMMON_BLOCKS = YES;
				GCC_WARN_64_TO_32_BIT_CONVERSION = YES;
				GCC_WARN_ABOUT_RETURN_TYPE = YES_ERROR;
				GCC_WARN_UNDECLARED_SELECTOR = YES;
				GCC_WARN_UNINITIALIZED_AUTOS = YES_AGGRESSIVE;
				GCC_WARN_UNUSED_FUNCTION = YES;
				GCC_WARN_UNUSED_VARIABLE = YES;
				IPHONEOS_DEPLOYMENT_TARGET = 17.2;
				LOCALIZATION_PREFERS_STRING_CATALOGS = YES;
				MTL_ENABLE_DEBUG_INFO = NO;
				MTL_FAST_MATH = YES;
				SDKROOT = iphoneos;
				SWIFT_COMPILATION_MODE = wholemodule;
				VALIDATE_PRODUCT = YES;
			};
			name = Release;
		};
		692AD5602B51A019000F6666 /* Debug */ = {
			isa = XCBuildConfiguration;
			buildSettings = {
				ASSETCATALOG_COMPILER_APPICON_NAME = AppIcon;
				ASSETCATALOG_COMPILER_GLOBAL_ACCENT_COLOR_NAME = AccentColor;
				CODE_SIGN_STYLE = Automatic;
				CURRENT_PROJECT_VERSION = 1;
				DEVELOPMENT_ASSET_PATHS = "\"CoffeeTracker/Preview Content\"";
				DEVELOPMENT_TEAM = ZDK82FGR3Z;
				ENABLE_PREVIEWS = YES;
				GENERATE_INFOPLIST_FILE = YES;
				INFOPLIST_KEY_UIApplicationSceneManifest_Generation = YES;
				INFOPLIST_KEY_UIApplicationSupportsIndirectInputEvents = YES;
				INFOPLIST_KEY_UILaunchScreen_Generation = YES;
				INFOPLIST_KEY_UISupportedInterfaceOrientations_iPad = "UIInterfaceOrientationPortrait UIInterfaceOrientationPortraitUpsideDown UIInterfaceOrientationLandscapeLeft UIInterfaceOrientationLandscapeRight";
				INFOPLIST_KEY_UISupportedInterfaceOrientations_iPhone = "UIInterfaceOrientationPortrait UIInterfaceOrientationLandscapeLeft UIInterfaceOrientationLandscapeRight";
				LD_RUNPATH_SEARCH_PATHS = (
					"$(inherited)",
					"@executable_path/Frameworks",
				);
				MARKETING_VERSION = 1.0;
				PRODUCT_BUNDLE_IDENTIFIER = dev.cctplus.CoffeeTracker;
				PRODUCT_NAME = "$(TARGET_NAME)";
				SWIFT_EMIT_LOC_STRINGS = YES;
				SWIFT_VERSION = 5.0;
				TARGETED_DEVICE_FAMILY = "1,2";
			};
			name = Debug;
		};
		692AD5612B51A019000F6666 /* Release */ = {
			isa = XCBuildConfiguration;
			buildSettings = {
				ASSETCATALOG_COMPILER_APPICON_NAME = AppIcon;
				ASSETCATALOG_COMPILER_GLOBAL_ACCENT_COLOR_NAME = AccentColor;
				CODE_SIGN_STYLE = Automatic;
				CURRENT_PROJECT_VERSION = 1;
				DEVELOPMENT_ASSET_PATHS = "\"CoffeeTracker/Preview Content\"";
				DEVELOPMENT_TEAM = ZDK82FGR3Z;
				ENABLE_PREVIEWS = YES;
				GENERATE_INFOPLIST_FILE = YES;
				INFOPLIST_KEY_UIApplicationSceneManifest_Generation = YES;
				INFOPLIST_KEY_UIApplicationSupportsIndirectInputEvents = YES;
				INFOPLIST_KEY_UILaunchScreen_Generation = YES;
				INFOPLIST_KEY_UISupportedInterfaceOrientations_iPad = "UIInterfaceOrientationPortrait UIInterfaceOrientationPortraitUpsideDown UIInterfaceOrientationLandscapeLeft UIInterfaceOrientationLandscapeRight";
				INFOPLIST_KEY_UISupportedInterfaceOrientations_iPhone = "UIInterfaceOrientationPortrait UIInterfaceOrientationLandscapeLeft UIInterfaceOrientationLandscapeRight";
				LD_RUNPATH_SEARCH_PATHS = (
					"$(inherited)",
					"@executable_path/Frameworks",
				);
				MARKETING_VERSION = 1.0;
				PRODUCT_BUNDLE_IDENTIFIER = dev.cctplus.CoffeeTracker;
				PRODUCT_NAME = "$(TARGET_NAME)";
				SWIFT_EMIT_LOC_STRINGS = YES;
				SWIFT_VERSION = 5.0;
				TARGETED_DEVICE_FAMILY = "1,2";
			};
			name = Release;
		};
/* End XCBuildConfiguration section */

/* Begin XCConfigurationList section */
		692AD54C2B51A018000F6666 /* Build configuration list for PBXProject "CoffeeTracker" */ = {
			isa = XCConfigurationList;
			buildConfigurations = (
				692AD55D2B51A019000F6666 /* Debug */,
				692AD55E2B51A019000F6666 /* Release */,
			);
			defaultConfigurationIsVisible = 0;
			defaultConfigurationName = Release;
		};
		692AD55F2B51A019000F6666 /* Build configuration list for PBXNativeTarget "CoffeeTracker" */ = {
			isa = XCConfigurationList;
			buildConfigurations = (
				692AD5602B51A019000F6666 /* Debug */,
				692AD5612B51A019000F6666 /* Release */,
			);
			defaultConfigurationIsVisible = 0;
			defaultConfigurationName = Release;
		};
/* End XCConfigurationList section */

/* Begin XCRemoteSwiftPackageReference section */
		69C1938A2B92399500125C1F /* XCRemoteSwiftPackageReference "firebase-ios-sdk" */ = {
			isa = XCRemoteSwiftPackageReference;
			repositoryURL = "https://github.com/firebase/firebase-ios-sdk";
			requirement = {
				kind = upToNextMajorVersion;
				minimumVersion = 10.21.0;
			};
		};
/* End XCRemoteSwiftPackageReference section */

/* Begin XCSwiftPackageProductDependency section */
		692AD5642B51A1F2000F6666 /* AppCore */ = {
			isa = XCSwiftPackageProductDependency;
			productName = AppCore;
		};
		69C1938B2B92399500125C1F /* FirebaseAnalytics */ = {
			isa = XCSwiftPackageProductDependency;
			package = 69C1938A2B92399500125C1F /* XCRemoteSwiftPackageReference "firebase-ios-sdk" */;
			productName = FirebaseAnalytics;
		};
		69C1938D2B92399500125C1F /* FirebaseAnalyticsOnDeviceConversion */ = {
			isa = XCSwiftPackageProductDependency;
			package = 69C1938A2B92399500125C1F /* XCRemoteSwiftPackageReference "firebase-ios-sdk" */;
			productName = FirebaseAnalyticsOnDeviceConversion;
		};
		69C1938F2B92399500125C1F /* FirebaseAnalyticsSwift */ = {
			isa = XCSwiftPackageProductDependency;
			package = 69C1938A2B92399500125C1F /* XCRemoteSwiftPackageReference "firebase-ios-sdk" */;
			productName = FirebaseAnalyticsSwift;
		};
		69C193912B92399500125C1F /* FirebaseAnalyticsWithoutAdIdSupport */ = {
			isa = XCSwiftPackageProductDependency;
			package = 69C1938A2B92399500125C1F /* XCRemoteSwiftPackageReference "firebase-ios-sdk" */;
			productName = FirebaseAnalyticsWithoutAdIdSupport;
		};
		69C193932B92399500125C1F /* FirebaseAppCheck */ = {
			isa = XCSwiftPackageProductDependency;
			package = 69C1938A2B92399500125C1F /* XCRemoteSwiftPackageReference "firebase-ios-sdk" */;
			productName = FirebaseAppCheck;
		};
		69C193952B92399500125C1F /* FirebaseAppDistribution-Beta */ = {
			isa = XCSwiftPackageProductDependency;
			package = 69C1938A2B92399500125C1F /* XCRemoteSwiftPackageReference "firebase-ios-sdk" */;
			productName = "FirebaseAppDistribution-Beta";
		};
		69C193972B92399500125C1F /* FirebaseAuth */ = {
			isa = XCSwiftPackageProductDependency;
			package = 69C1938A2B92399500125C1F /* XCRemoteSwiftPackageReference "firebase-ios-sdk" */;
			productName = FirebaseAuth;
		};
		69C193992B92399500125C1F /* FirebaseAuthCombine-Community */ = {
			isa = XCSwiftPackageProductDependency;
			package = 69C1938A2B92399500125C1F /* XCRemoteSwiftPackageReference "firebase-ios-sdk" */;
			productName = "FirebaseAuthCombine-Community";
		};
		69C1939B2B92399500125C1F /* FirebaseCrashlytics */ = {
			isa = XCSwiftPackageProductDependency;
			package = 69C1938A2B92399500125C1F /* XCRemoteSwiftPackageReference "firebase-ios-sdk" */;
			productName = FirebaseCrashlytics;
		};
		69C1939D2B92399500125C1F /* FirebaseDatabase */ = {
			isa = XCSwiftPackageProductDependency;
			package = 69C1938A2B92399500125C1F /* XCRemoteSwiftPackageReference "firebase-ios-sdk" */;
			productName = FirebaseDatabase;
		};
		69C1939F2B92399500125C1F /* FirebaseDatabaseSwift */ = {
			isa = XCSwiftPackageProductDependency;
			package = 69C1938A2B92399500125C1F /* XCRemoteSwiftPackageReference "firebase-ios-sdk" */;
			productName = FirebaseDatabaseSwift;
		};
		69C193A12B92399500125C1F /* FirebaseDynamicLinks */ = {
			isa = XCSwiftPackageProductDependency;
			package = 69C1938A2B92399500125C1F /* XCRemoteSwiftPackageReference "firebase-ios-sdk" */;
			productName = FirebaseDynamicLinks;
		};
		69C193A32B92399500125C1F /* FirebaseFirestore */ = {
			isa = XCSwiftPackageProductDependency;
			package = 69C1938A2B92399500125C1F /* XCRemoteSwiftPackageReference "firebase-ios-sdk" */;
			productName = FirebaseFirestore;
		};
		69C193A52B92399500125C1F /* FirebaseFirestoreCombine-Community */ = {
			isa = XCSwiftPackageProductDependency;
			package = 69C1938A2B92399500125C1F /* XCRemoteSwiftPackageReference "firebase-ios-sdk" */;
			productName = "FirebaseFirestoreCombine-Community";
		};
		69C193A72B92399500125C1F /* FirebaseFirestoreSwift */ = {
			isa = XCSwiftPackageProductDependency;
			package = 69C1938A2B92399500125C1F /* XCRemoteSwiftPackageReference "firebase-ios-sdk" */;
			productName = FirebaseFirestoreSwift;
		};
		69C193A92B92399500125C1F /* FirebaseFunctions */ = {
			isa = XCSwiftPackageProductDependency;
			package = 69C1938A2B92399500125C1F /* XCRemoteSwiftPackageReference "firebase-ios-sdk" */;
			productName = FirebaseFunctions;
		};
		69C193AB2B92399500125C1F /* FirebaseFunctionsCombine-Community */ = {
			isa = XCSwiftPackageProductDependency;
			package = 69C1938A2B92399500125C1F /* XCRemoteSwiftPackageReference "firebase-ios-sdk" */;
			productName = "FirebaseFunctionsCombine-Community";
		};
		69C193AD2B92399500125C1F /* FirebaseInAppMessaging-Beta */ = {
			isa = XCSwiftPackageProductDependency;
			package = 69C1938A2B92399500125C1F /* XCRemoteSwiftPackageReference "firebase-ios-sdk" */;
			productName = "FirebaseInAppMessaging-Beta";
		};
		69C193AF2B92399500125C1F /* FirebaseInAppMessagingSwift-Beta */ = {
			isa = XCSwiftPackageProductDependency;
			package = 69C1938A2B92399500125C1F /* XCRemoteSwiftPackageReference "firebase-ios-sdk" */;
			productName = "FirebaseInAppMessagingSwift-Beta";
		};
		69C193B12B92399500125C1F /* FirebaseInstallations */ = {
			isa = XCSwiftPackageProductDependency;
			package = 69C1938A2B92399500125C1F /* XCRemoteSwiftPackageReference "firebase-ios-sdk" */;
			productName = FirebaseInstallations;
		};
		69C193B32B92399500125C1F /* FirebaseMessaging */ = {
			isa = XCSwiftPackageProductDependency;
			package = 69C1938A2B92399500125C1F /* XCRemoteSwiftPackageReference "firebase-ios-sdk" */;
			productName = FirebaseMessaging;
		};
		69C193B52B92399500125C1F /* FirebasePerformance */ = {
			isa = XCSwiftPackageProductDependency;
			package = 69C1938A2B92399500125C1F /* XCRemoteSwiftPackageReference "firebase-ios-sdk" */;
			productName = FirebasePerformance;
		};
		69C193B72B92399500125C1F /* FirebaseRemoteConfig */ = {
			isa = XCSwiftPackageProductDependency;
			package = 69C1938A2B92399500125C1F /* XCRemoteSwiftPackageReference "firebase-ios-sdk" */;
			productName = FirebaseRemoteConfig;
		};
		69C193B92B92399500125C1F /* FirebaseRemoteConfigSwift */ = {
			isa = XCSwiftPackageProductDependency;
			package = 69C1938A2B92399500125C1F /* XCRemoteSwiftPackageReference "firebase-ios-sdk" */;
			productName = FirebaseRemoteConfigSwift;
		};
		69C193BB2B92399500125C1F /* FirebaseStorage */ = {
			isa = XCSwiftPackageProductDependency;
			package = 69C1938A2B92399500125C1F /* XCRemoteSwiftPackageReference "firebase-ios-sdk" */;
			productName = FirebaseStorage;
		};
		69C193BD2B92399500125C1F /* FirebaseStorageCombine-Community */ = {
			isa = XCSwiftPackageProductDependency;
			package = 69C1938A2B92399500125C1F /* XCRemoteSwiftPackageReference "firebase-ios-sdk" */;
			productName = "FirebaseStorageCombine-Community";
		};
/* End XCSwiftPackageProductDependency section */
	};
	rootObject = 692AD5492B51A018000F6666 /* Project object */;
}
