// !$*UTF8*$!
{
	archiveVersion = 1;
	classes = {
	};
	objectVersion = 55;
	objects = {

/* Begin PBXBuildFile section */
		371A06BC28084C120035F16B /* CoffeeShareView.swift in Sources */ = {isa = PBXBuildFile; fileRef = 371A06BB28084C120035F16B /* CoffeeShareView.swift */; };
		371A06BF2808539A0035F16B /* CoffeeShareImageView.swift in Sources */ = {isa = PBXBuildFile; fileRef = 371A06BE2808539A0035F16B /* CoffeeShareImageView.swift */; };
		371E294F27C40D2100C8ACBF /* CoffeeTrackerApp.swift in Sources */ = {isa = PBXBuildFile; fileRef = 371E294E27C40D2100C8ACBF /* CoffeeTrackerApp.swift */; };
		371E295127C40D2100C8ACBF /* ContentView.swift in Sources */ = {isa = PBXBuildFile; fileRef = 371E295027C40D2100C8ACBF /* ContentView.swift */; };
		371E295327C40D2200C8ACBF /* Assets.xcassets in Resources */ = {isa = PBXBuildFile; fileRef = 371E295227C40D2200C8ACBF /* Assets.xcassets */; };
		371E295627C40D2200C8ACBF /* Preview Assets.xcassets in Resources */ = {isa = PBXBuildFile; fileRef = 371E295527C40D2200C8ACBF /* Preview Assets.xcassets */; };
		371E295827C40D2200C8ACBF /* Persistence.swift in Sources */ = {isa = PBXBuildFile; fileRef = 371E295727C40D2200C8ACBF /* Persistence.swift */; };
		371E295B27C40D2200C8ACBF /* CoffeeTracker.xcdatamodeld in Sources */ = {isa = PBXBuildFile; fileRef = 371E295927C40D2200C8ACBF /* CoffeeTracker.xcdatamodeld */; };
		371E296227C40E8800C8ACBF /* CoffeeTrackerMain.swift in Sources */ = {isa = PBXBuildFile; fileRef = 371E296127C40E8800C8ACBF /* CoffeeTrackerMain.swift */; };
		371E296527C40EC900C8ACBF /* BeanModel.swift in Sources */ = {isa = PBXBuildFile; fileRef = 371E296427C40EC900C8ACBF /* BeanModel.swift */; };
		371E296727C40EF100C8ACBF /* BeanRowView.swift in Sources */ = {isa = PBXBuildFile; fileRef = 371E296627C40EF100C8ACBF /* BeanRowView.swift */; };
		371E296C27C40F5E00C8ACBF /* SFSymbolHelper.swift in Sources */ = {isa = PBXBuildFile; fileRef = 371E296B27C40F5E00C8ACBF /* SFSymbolHelper.swift */; };
		371E296E27C40F9A00C8ACBF /* BeanDetailView.swift in Sources */ = {isa = PBXBuildFile; fileRef = 371E296D27C40F9A00C8ACBF /* BeanDetailView.swift */; };
		371E297127C40FB300C8ACBF /* BeanFixtures.swift in Sources */ = {isa = PBXBuildFile; fileRef = 371E297027C40FB300C8ACBF /* BeanFixtures.swift */; };
		371E297327C40FEF00C8ACBF /* CoffeeListView.swift in Sources */ = {isa = PBXBuildFile; fileRef = 371E297227C40FEF00C8ACBF /* CoffeeListView.swift */; };
		371E297527C4100900C8ACBF /* NewBeansView.swift in Sources */ = {isa = PBXBuildFile; fileRef = 371E297427C4100900C8ACBF /* NewBeansView.swift */; };
		37431AA227EBC57400242F39 /* RowModifier.swift in Sources */ = {isa = PBXBuildFile; fileRef = 37431AA127EBC57400242F39 /* RowModifier.swift */; };
		3760713127EC0B6F007395C8 /* NavigationRouter.swift in Sources */ = {isa = PBXBuildFile; fileRef = 3760713027EC0B6F007395C8 /* NavigationRouter.swift */; };
		3760713527EC10D2007395C8 /* TabBarIcon.swift in Sources */ = {isa = PBXBuildFile; fileRef = 3760713427EC10D2007395C8 /* TabBarIcon.swift */; };
		376A5E5327D844D60038BDA0 /* PhotoPickerView.swift in Sources */ = {isa = PBXBuildFile; fileRef = 376A5E5227D844D60038BDA0 /* PhotoPickerView.swift */; };
		37766A3428067736006489CE /* WhatsNewView.swift in Sources */ = {isa = PBXBuildFile; fileRef = 37766A3328067736006489CE /* WhatsNewView.swift */; };
		3776B9DE27E8B32D0042C494 /* OctoKit in Frameworks */ = {isa = PBXBuildFile; productRef = 3776B9DD27E8B32D0042C494 /* OctoKit */; };
		3776B9E127E8B3450042C494 /* UserFeedback.swift in Sources */ = {isa = PBXBuildFile; fileRef = 3776B9E027E8B3450042C494 /* UserFeedback.swift */; };
		3782E03527C4AA81000F0404 /* BeansCollectionViewOO.swift in Sources */ = {isa = PBXBuildFile; fileRef = 3782E03427C4AA81000F0404 /* BeansCollectionViewOO.swift */; };
		3797E1C427D6A52F000FE457 /* View+Extensions.swift in Sources */ = {isa = PBXBuildFile; fileRef = 3797E1C327D6A52F000FE457 /* View+Extensions.swift */; };
		3797E1C627D6A6F3000FE457 /* Color+Extension.swift in Sources */ = {isa = PBXBuildFile; fileRef = 3797E1C527D6A6F3000FE457 /* Color+Extension.swift */; };
		379E1CBF27E8BF7C004101E0 /* ShareApp.swift in Sources */ = {isa = PBXBuildFile; fileRef = 379E1CBE27E8BF7C004101E0 /* ShareApp.swift */; };
		37B776A627C67A6F00EFD566 /* CloudKit.framework in Frameworks */ = {isa = PBXBuildFile; fileRef = 37B776A527C67A6F00EFD566 /* CloudKit.framework */; };
		37C9838427E4E4D4007C85E3 /* Constants.swift in Sources */ = {isa = PBXBuildFile; fileRef = 37C9838327E4E4D4007C85E3 /* Constants.swift */; };
		37C9838727E4E5B8007C85E3 /* RevenueCat in Frameworks */ = {isa = PBXBuildFile; productRef = 37C9838627E4E5B8007C85E3 /* RevenueCat */; };
		37CC7B0427FE7BEE008BE09D /* BeanRowOO.swift in Sources */ = {isa = PBXBuildFile; fileRef = 37CC7B0327FE7BEE008BE09D /* BeanRowOO.swift */; };
		37CC7B0C27FE9224008BE09D /* BeanRowViewModelTests.swift in Sources */ = {isa = PBXBuildFile; fileRef = 37CC7B0B27FE9224008BE09D /* BeanRowViewModelTests.swift */; };
		37DD41CB27EA789300BEF00A /* ActivityView.swift in Sources */ = {isa = PBXBuildFile; fileRef = 37DD41CA27EA789300BEF00A /* ActivityView.swift */; };
		37EFDD9D2800C5AD0090955E /* NewBeanOO.swift in Sources */ = {isa = PBXBuildFile; fileRef = 37EFDD9C2800C5AD0090955E /* NewBeanOO.swift */; };
		37F18B2827E4C09500F609DF /* AboutView.swift in Sources */ = {isa = PBXBuildFile; fileRef = 37F18B2727E4C09500F609DF /* AboutView.swift */; };
		37F18B2A27E4C15200F609DF /* BuyDevCoffeeSection.swift in Sources */ = {isa = PBXBuildFile; fileRef = 37F18B2927E4C15200F609DF /* BuyDevCoffeeSection.swift */; };
/* End PBXBuildFile section */

/* Begin PBXContainerItemProxy section */
		37CC7B0D27FE9224008BE09D /* PBXContainerItemProxy */ = {
			isa = PBXContainerItemProxy;
			containerPortal = 371E294327C40D2100C8ACBF /* Project object */;
			proxyType = 1;
			remoteGlobalIDString = 371E294A27C40D2100C8ACBF;
			remoteInfo = CoffeeTracker;
		};
/* End PBXContainerItemProxy section */

/* Begin PBXFileReference section */
		371A06BB28084C120035F16B /* CoffeeShareView.swift */ = {isa = PBXFileReference; lastKnownFileType = sourcecode.swift; path = CoffeeShareView.swift; sourceTree = "<group>"; };
		371A06BE2808539A0035F16B /* CoffeeShareImageView.swift */ = {isa = PBXFileReference; lastKnownFileType = sourcecode.swift; path = CoffeeShareImageView.swift; sourceTree = "<group>"; };
		371E294B27C40D2100C8ACBF /* Coffee_.app */ = {isa = PBXFileReference; explicitFileType = wrapper.application; includeInIndex = 0; path = Coffee_.app; sourceTree = BUILT_PRODUCTS_DIR; };
		371E294E27C40D2100C8ACBF /* CoffeeTrackerApp.swift */ = {isa = PBXFileReference; lastKnownFileType = sourcecode.swift; path = CoffeeTrackerApp.swift; sourceTree = "<group>"; };
		371E295027C40D2100C8ACBF /* ContentView.swift */ = {isa = PBXFileReference; lastKnownFileType = sourcecode.swift; path = ContentView.swift; sourceTree = "<group>"; };
		371E295227C40D2200C8ACBF /* Assets.xcassets */ = {isa = PBXFileReference; lastKnownFileType = folder.assetcatalog; path = Assets.xcassets; sourceTree = "<group>"; };
		371E295527C40D2200C8ACBF /* Preview Assets.xcassets */ = {isa = PBXFileReference; lastKnownFileType = folder.assetcatalog; path = "Preview Assets.xcassets"; sourceTree = "<group>"; };
		371E295727C40D2200C8ACBF /* Persistence.swift */ = {isa = PBXFileReference; lastKnownFileType = sourcecode.swift; path = Persistence.swift; sourceTree = "<group>"; };
		371E295A27C40D2200C8ACBF /* CoffeeTracker.xcdatamodel */ = {isa = PBXFileReference; lastKnownFileType = wrapper.xcdatamodel; path = CoffeeTracker.xcdatamodel; sourceTree = "<group>"; };
		371E296127C40E8800C8ACBF /* CoffeeTrackerMain.swift */ = {isa = PBXFileReference; lastKnownFileType = sourcecode.swift; path = CoffeeTrackerMain.swift; sourceTree = "<group>"; };
		371E296427C40EC900C8ACBF /* BeanModel.swift */ = {isa = PBXFileReference; lastKnownFileType = sourcecode.swift; path = BeanModel.swift; sourceTree = "<group>"; };
		371E296627C40EF100C8ACBF /* BeanRowView.swift */ = {isa = PBXFileReference; lastKnownFileType = sourcecode.swift; path = BeanRowView.swift; sourceTree = "<group>"; };
		371E296B27C40F5E00C8ACBF /* SFSymbolHelper.swift */ = {isa = PBXFileReference; lastKnownFileType = sourcecode.swift; path = SFSymbolHelper.swift; sourceTree = "<group>"; };
		371E296D27C40F9A00C8ACBF /* BeanDetailView.swift */ = {isa = PBXFileReference; lastKnownFileType = sourcecode.swift; path = BeanDetailView.swift; sourceTree = "<group>"; };
		371E297027C40FB300C8ACBF /* BeanFixtures.swift */ = {isa = PBXFileReference; lastKnownFileType = sourcecode.swift; path = BeanFixtures.swift; sourceTree = "<group>"; };
		371E297227C40FEF00C8ACBF /* CoffeeListView.swift */ = {isa = PBXFileReference; lastKnownFileType = sourcecode.swift; path = CoffeeListView.swift; sourceTree = "<group>"; };
		371E297427C4100900C8ACBF /* NewBeansView.swift */ = {isa = PBXFileReference; lastKnownFileType = sourcecode.swift; path = NewBeansView.swift; sourceTree = "<group>"; };
		37431AA127EBC57400242F39 /* RowModifier.swift */ = {isa = PBXFileReference; lastKnownFileType = sourcecode.swift; path = RowModifier.swift; sourceTree = "<group>"; };
		3760713027EC0B6F007395C8 /* NavigationRouter.swift */ = {isa = PBXFileReference; lastKnownFileType = sourcecode.swift; path = NavigationRouter.swift; sourceTree = "<group>"; };
		3760713427EC10D2007395C8 /* TabBarIcon.swift */ = {isa = PBXFileReference; lastKnownFileType = sourcecode.swift; path = TabBarIcon.swift; sourceTree = "<group>"; };
		376A5E5227D844D60038BDA0 /* PhotoPickerView.swift */ = {isa = PBXFileReference; lastKnownFileType = sourcecode.swift; path = PhotoPickerView.swift; sourceTree = "<group>"; };
		37766A3328067736006489CE /* WhatsNewView.swift */ = {isa = PBXFileReference; lastKnownFileType = sourcecode.swift; path = WhatsNewView.swift; sourceTree = "<group>"; };
		3776B9E027E8B3450042C494 /* UserFeedback.swift */ = {isa = PBXFileReference; lastKnownFileType = sourcecode.swift; path = UserFeedback.swift; sourceTree = "<group>"; };
		3782E03427C4AA81000F0404 /* BeansCollectionViewOO.swift */ = {isa = PBXFileReference; lastKnownFileType = sourcecode.swift; path = BeansCollectionViewOO.swift; sourceTree = "<group>"; };
		3797E1C327D6A52F000FE457 /* View+Extensions.swift */ = {isa = PBXFileReference; lastKnownFileType = sourcecode.swift; path = "View+Extensions.swift"; sourceTree = "<group>"; };
		3797E1C527D6A6F3000FE457 /* Color+Extension.swift */ = {isa = PBXFileReference; lastKnownFileType = sourcecode.swift; path = "Color+Extension.swift"; sourceTree = "<group>"; };
		379E1CBE27E8BF7C004101E0 /* ShareApp.swift */ = {isa = PBXFileReference; lastKnownFileType = sourcecode.swift; path = ShareApp.swift; sourceTree = "<group>"; };
		37B776A327C67A6B00EFD566 /* CoffeeTracker.entitlements */ = {isa = PBXFileReference; lastKnownFileType = text.plist.entitlements; path = CoffeeTracker.entitlements; sourceTree = "<group>"; };
		37B776A527C67A6F00EFD566 /* CloudKit.framework */ = {isa = PBXFileReference; lastKnownFileType = wrapper.framework; name = CloudKit.framework; path = System/Library/Frameworks/CloudKit.framework; sourceTree = SDKROOT; };
		37B776A727C67A7800EFD566 /* Info.plist */ = {isa = PBXFileReference; lastKnownFileType = text.plist; path = Info.plist; sourceTree = "<group>"; };
		37C9838327E4E4D4007C85E3 /* Constants.swift */ = {isa = PBXFileReference; lastKnownFileType = sourcecode.swift; path = Constants.swift; sourceTree = "<group>"; };
		37CC7B0327FE7BEE008BE09D /* BeanRowOO.swift */ = {isa = PBXFileReference; lastKnownFileType = sourcecode.swift; path = BeanRowOO.swift; sourceTree = "<group>"; };
		37CC7B0927FE9224008BE09D /* CoffeeTrackerTests.xctest */ = {isa = PBXFileReference; explicitFileType = wrapper.cfbundle; includeInIndex = 0; path = CoffeeTrackerTests.xctest; sourceTree = BUILT_PRODUCTS_DIR; };
		37CC7B0B27FE9224008BE09D /* BeanRowViewModelTests.swift */ = {isa = PBXFileReference; lastKnownFileType = sourcecode.swift; path = BeanRowViewModelTests.swift; sourceTree = "<group>"; };
		37DD41CA27EA789300BEF00A /* ActivityView.swift */ = {isa = PBXFileReference; lastKnownFileType = sourcecode.swift; path = ActivityView.swift; sourceTree = "<group>"; };
		37EFDD9C2800C5AD0090955E /* NewBeanOO.swift */ = {isa = PBXFileReference; lastKnownFileType = sourcecode.swift; path = NewBeanOO.swift; sourceTree = "<group>"; };
		37F18B2727E4C09500F609DF /* AboutView.swift */ = {isa = PBXFileReference; lastKnownFileType = sourcecode.swift; path = AboutView.swift; sourceTree = "<group>"; };
		37F18B2927E4C15200F609DF /* BuyDevCoffeeSection.swift */ = {isa = PBXFileReference; lastKnownFileType = sourcecode.swift; path = BuyDevCoffeeSection.swift; sourceTree = "<group>"; };
/* End PBXFileReference section */

/* Begin PBXFrameworksBuildPhase section */
		371E294827C40D2100C8ACBF /* Frameworks */ = {
			isa = PBXFrameworksBuildPhase;
			buildActionMask = 2147483647;
			files = (
				3776B9DE27E8B32D0042C494 /* OctoKit in Frameworks */,
				37C9838727E4E5B8007C85E3 /* RevenueCat in Frameworks */,
				37B776A627C67A6F00EFD566 /* CloudKit.framework in Frameworks */,
			);
			runOnlyForDeploymentPostprocessing = 0;
		};
		37CC7B0627FE9224008BE09D /* Frameworks */ = {
			isa = PBXFrameworksBuildPhase;
			buildActionMask = 2147483647;
			files = (
			);
			runOnlyForDeploymentPostprocessing = 0;
		};
/* End PBXFrameworksBuildPhase section */

/* Begin PBXGroup section */
		371A06BD280853440035F16B /* ShareViews */ = {
			isa = PBXGroup;
			children = (
				371A06BB28084C120035F16B /* CoffeeShareView.swift */,
				371A06BE2808539A0035F16B /* CoffeeShareImageView.swift */,
			);
			path = ShareViews;
			sourceTree = "<group>";
		};
		371E294227C40D2100C8ACBF = {
			isa = PBXGroup;
			children = (
				371E294D27C40D2100C8ACBF /* CoffeeTracker */,
				37CC7B0A27FE9224008BE09D /* CoffeeTrackerTests */,
				371E294C27C40D2100C8ACBF /* Products */,
				37B776A427C67A6F00EFD566 /* Frameworks */,
			);
			sourceTree = "<group>";
		};
		371E294C27C40D2100C8ACBF /* Products */ = {
			isa = PBXGroup;
			children = (
				371E294B27C40D2100C8ACBF /* Coffee_.app */,
				37CC7B0927FE9224008BE09D /* CoffeeTrackerTests.xctest */,
			);
			name = Products;
			sourceTree = "<group>";
		};
		371E294D27C40D2100C8ACBF /* CoffeeTracker */ = {
			isa = PBXGroup;
			children = (
				377D725027F1E15D00DA9320 /* ObservableObjects */,
				377D724F27F1DE3A00DA9320 /* Models */,
				377D724D27F1DD1000DA9320 /* Views */,
				3760712D27EC0A7C007395C8 /* Navigation */,
				37DD41C927EA788100BEF00A /* Components */,
				377D724E27F1DD4200DA9320 /* Styles */,
				371E296A27C40F5400C8ACBF /* Helpers */,
				37B776A727C67A7800EFD566 /* Info.plist */,
				37B776A327C67A6B00EFD566 /* CoffeeTracker.entitlements */,
				371E296F27C40FA600C8ACBF /* Fixtures */,
				371E295027C40D2100C8ACBF /* ContentView.swift */,
				371E294E27C40D2100C8ACBF /* CoffeeTrackerApp.swift */,
				371E295227C40D2200C8ACBF /* Assets.xcassets */,
				371E295727C40D2200C8ACBF /* Persistence.swift */,
				371E295927C40D2200C8ACBF /* CoffeeTracker.xcdatamodeld */,
				371E295427C40D2200C8ACBF /* Preview Content */,
			);
			path = CoffeeTracker;
			sourceTree = "<group>";
		};
		371E295427C40D2200C8ACBF /* Preview Content */ = {
			isa = PBXGroup;
			children = (
				371E295527C40D2200C8ACBF /* Preview Assets.xcassets */,
			);
			path = "Preview Content";
			sourceTree = "<group>";
		};
		371E296A27C40F5400C8ACBF /* Helpers */ = {
			isa = PBXGroup;
			children = (
				371E296B27C40F5E00C8ACBF /* SFSymbolHelper.swift */,
			);
			path = Helpers;
			sourceTree = "<group>";
		};
		371E296F27C40FA600C8ACBF /* Fixtures */ = {
			isa = PBXGroup;
			children = (
				371E297027C40FB300C8ACBF /* BeanFixtures.swift */,
			);
			path = Fixtures;
			sourceTree = "<group>";
		};
		3760712D27EC0A7C007395C8 /* Navigation */ = {
			isa = PBXGroup;
			children = (
				371E296127C40E8800C8ACBF /* CoffeeTrackerMain.swift */,
				3760713027EC0B6F007395C8 /* NavigationRouter.swift */,
				3760713427EC10D2007395C8 /* TabBarIcon.swift */,
			);
			path = Navigation;
			sourceTree = "<group>";
		};
		377D724D27F1DD1000DA9320 /* Views */ = {
			isa = PBXGroup;
			children = (
				371A06BD280853440035F16B /* ShareViews */,
				371E296627C40EF100C8ACBF /* BeanRowView.swift */,
				37F18B2627E4C08500F609DF /* About */,
				371E296D27C40F9A00C8ACBF /* BeanDetailView.swift */,
				371E297227C40FEF00C8ACBF /* CoffeeListView.swift */,
				371E297427C4100900C8ACBF /* NewBeansView.swift */,
			);
			path = Views;
			sourceTree = "<group>";
		};
		377D724E27F1DD4200DA9320 /* Styles */ = {
			isa = PBXGroup;
			children = (
				3797E1C327D6A52F000FE457 /* View+Extensions.swift */,
				3797E1C527D6A6F3000FE457 /* Color+Extension.swift */,
				37C9838327E4E4D4007C85E3 /* Constants.swift */,
				37431AA127EBC57400242F39 /* RowModifier.swift */,
			);
			path = Styles;
			sourceTree = "<group>";
		};
		377D724F27F1DE3A00DA9320 /* Models */ = {
			isa = PBXGroup;
			children = (
				371E296427C40EC900C8ACBF /* BeanModel.swift */,
			);
			path = Models;
			sourceTree = "<group>";
		};
		377D725027F1E15D00DA9320 /* ObservableObjects */ = {
			isa = PBXGroup;
			children = (
				37CC7B0327FE7BEE008BE09D /* BeanRowOO.swift */,
				3782E03427C4AA81000F0404 /* BeansCollectionViewOO.swift */,
				37EFDD9C2800C5AD0090955E /* NewBeanOO.swift */,
			);
			path = ObservableObjects;
			sourceTree = "<group>";
		};
		37B776A427C67A6F00EFD566 /* Frameworks */ = {
			isa = PBXGroup;
			children = (
				37B776A527C67A6F00EFD566 /* CloudKit.framework */,
			);
			name = Frameworks;
			sourceTree = "<group>";
		};
		37CC7B0A27FE9224008BE09D /* CoffeeTrackerTests */ = {
			isa = PBXGroup;
			children = (
				37CC7B0B27FE9224008BE09D /* BeanRowViewModelTests.swift */,
			);
			path = CoffeeTrackerTests;
			sourceTree = "<group>";
		};
		37DD41C927EA788100BEF00A /* Components */ = {
			isa = PBXGroup;
			children = (
				376A5E5227D844D60038BDA0 /* PhotoPickerView.swift */,
				37DD41CA27EA789300BEF00A /* ActivityView.swift */,
			);
			path = Components;
			sourceTree = "<group>";
		};
		37F18B2627E4C08500F609DF /* About */ = {
			isa = PBXGroup;
			children = (
				37F18B2727E4C09500F609DF /* AboutView.swift */,
				37F18B2927E4C15200F609DF /* BuyDevCoffeeSection.swift */,
				3776B9E027E8B3450042C494 /* UserFeedback.swift */,
				379E1CBE27E8BF7C004101E0 /* ShareApp.swift */,
				37766A3328067736006489CE /* WhatsNewView.swift */,
			);
			path = About;
			sourceTree = "<group>";
		};
/* End PBXGroup section */

/* Begin PBXNativeTarget section */
		371E294A27C40D2100C8ACBF /* CoffeeTracker */ = {
			isa = PBXNativeTarget;
			buildConfigurationList = 371E295E27C40D2200C8ACBF /* Build configuration list for PBXNativeTarget "CoffeeTracker" */;
			buildPhases = (
				371E294727C40D2100C8ACBF /* Sources */,
				371E294827C40D2100C8ACBF /* Frameworks */,
				371E294927C40D2100C8ACBF /* Resources */,
				37CC7B0127FE733B008BE09D /* ShellScript */,
			);
			buildRules = (
			);
			dependencies = (
			);
			name = CoffeeTracker;
			packageProductDependencies = (
				37C9838627E4E5B8007C85E3 /* RevenueCat */,
				3776B9DD27E8B32D0042C494 /* OctoKit */,
			);
			productName = CoffeeTracker;
			productReference = 371E294B27C40D2100C8ACBF /* Coffee_.app */;
			productType = "com.apple.product-type.application";
		};
		37CC7B0827FE9224008BE09D /* CoffeeTrackerTests */ = {
			isa = PBXNativeTarget;
			buildConfigurationList = 37CC7B0F27FE9224008BE09D /* Build configuration list for PBXNativeTarget "CoffeeTrackerTests" */;
			buildPhases = (
				37CC7B0527FE9224008BE09D /* Sources */,
				37CC7B0627FE9224008BE09D /* Frameworks */,
				37CC7B0727FE9224008BE09D /* Resources */,
			);
			buildRules = (
			);
			dependencies = (
				37CC7B0E27FE9224008BE09D /* PBXTargetDependency */,
			);
			name = CoffeeTrackerTests;
			productName = CoffeeTrackerTests;
			productReference = 37CC7B0927FE9224008BE09D /* CoffeeTrackerTests.xctest */;
			productType = "com.apple.product-type.bundle.unit-test";
		};
/* End PBXNativeTarget section */

/* Begin PBXProject section */
		371E294327C40D2100C8ACBF /* Project object */ = {
			isa = PBXProject;
			attributes = {
				BuildIndependentTargetsInParallel = 1;
				LastSwiftUpdateCheck = 1330;
				LastUpgradeCheck = 1320;
				TargetAttributes = {
					371E294A27C40D2100C8ACBF = {
						CreatedOnToolsVersion = 13.2.1;
					};
					37CC7B0827FE9224008BE09D = {
						CreatedOnToolsVersion = 13.3;
						TestTargetID = 371E294A27C40D2100C8ACBF;
					};
				};
			};
			buildConfigurationList = 371E294627C40D2100C8ACBF /* Build configuration list for PBXProject "CoffeeTracker" */;
			compatibilityVersion = "Xcode 13.0";
			developmentRegion = en;
			hasScannedForEncodings = 0;
			knownRegions = (
				en,
				Base,
			);
			mainGroup = 371E294227C40D2100C8ACBF;
			packageReferences = (
				37C9838527E4E5B8007C85E3 /* XCRemoteSwiftPackageReference "purchases-ios" */,
				3776B9DC27E8B32D0042C494 /* XCRemoteSwiftPackageReference "octokit" */,
			);
			productRefGroup = 371E294C27C40D2100C8ACBF /* Products */;
			projectDirPath = "";
			projectRoot = "";
			targets = (
				371E294A27C40D2100C8ACBF /* CoffeeTracker */,
				37CC7B0827FE9224008BE09D /* CoffeeTrackerTests */,
			);
		};
/* End PBXProject section */

/* Begin PBXResourcesBuildPhase section */
		371E294927C40D2100C8ACBF /* Resources */ = {
			isa = PBXResourcesBuildPhase;
			buildActionMask = 2147483647;
			files = (
				371E295627C40D2200C8ACBF /* Preview Assets.xcassets in Resources */,
				371E295327C40D2200C8ACBF /* Assets.xcassets in Resources */,
			);
			runOnlyForDeploymentPostprocessing = 0;
		};
		37CC7B0727FE9224008BE09D /* Resources */ = {
			isa = PBXResourcesBuildPhase;
			buildActionMask = 2147483647;
			files = (
			);
			runOnlyForDeploymentPostprocessing = 0;
		};
/* End PBXResourcesBuildPhase section */

/* Begin PBXShellScriptBuildPhase section */
		37CC7B0127FE733B008BE09D /* ShellScript */ = {
			isa = PBXShellScriptBuildPhase;
			buildActionMask = 12;
			files = (
			);
			inputFileListPaths = (
			);
			inputPaths = (
			);
			outputFileListPaths = (
			);
			outputPaths = (
			);
			runOnlyForDeploymentPostprocessing = 0;
			shellPath = /bin/sh;
			shellScript = "if test -d \"/opt/homebrew/bin/\"; then\n  PATH=\"/opt/homebrew/bin/:${PATH}\"\nfi\n\nexport PATH\n\nif which swiftlint >/dev/null; then\n  swiftlint\nelse\n  echo \"warning: SwiftLint not installed, download from https://github.com/realm/SwiftLint\"\nfi\n";
		};
/* End PBXShellScriptBuildPhase section */

/* Begin PBXSourcesBuildPhase section */
		371E294727C40D2100C8ACBF /* Sources */ = {
			isa = PBXSourcesBuildPhase;
			buildActionMask = 2147483647;
			files = (
				371E296727C40EF100C8ACBF /* BeanRowView.swift in Sources */,
				371A06BC28084C120035F16B /* CoffeeShareView.swift in Sources */,
				37C9838427E4E4D4007C85E3 /* Constants.swift in Sources */,
				3797E1C627D6A6F3000FE457 /* Color+Extension.swift in Sources */,
				37F18B2A27E4C15200F609DF /* BuyDevCoffeeSection.swift in Sources */,
				37EFDD9D2800C5AD0090955E /* NewBeanOO.swift in Sources */,
				37F18B2827E4C09500F609DF /* AboutView.swift in Sources */,
				37431AA227EBC57400242F39 /* RowModifier.swift in Sources */,
				371E295827C40D2200C8ACBF /* Persistence.swift in Sources */,
				376A5E5327D844D60038BDA0 /* PhotoPickerView.swift in Sources */,
				3782E03527C4AA81000F0404 /* BeansCollectionViewOO.swift in Sources */,
				371E296227C40E8800C8ACBF /* CoffeeTrackerMain.swift in Sources */,
				379E1CBF27E8BF7C004101E0 /* ShareApp.swift in Sources */,
				371E295127C40D2100C8ACBF /* ContentView.swift in Sources */,
				37DD41CB27EA789300BEF00A /* ActivityView.swift in Sources */,
				371E296527C40EC900C8ACBF /* BeanModel.swift in Sources */,
				371E295B27C40D2200C8ACBF /* CoffeeTracker.xcdatamodeld in Sources */,
				3760713127EC0B6F007395C8 /* NavigationRouter.swift in Sources */,
				37766A3428067736006489CE /* WhatsNewView.swift in Sources */,
				3760713527EC10D2007395C8 /* TabBarIcon.swift in Sources */,
				37CC7B0427FE7BEE008BE09D /* BeanRowOO.swift in Sources */,
				371E296E27C40F9A00C8ACBF /* BeanDetailView.swift in Sources */,
				3776B9E127E8B3450042C494 /* UserFeedback.swift in Sources */,
				371E297327C40FEF00C8ACBF /* CoffeeListView.swift in Sources */,
				371A06BF2808539A0035F16B /* CoffeeShareImageView.swift in Sources */,
				371E296C27C40F5E00C8ACBF /* SFSymbolHelper.swift in Sources */,
				3797E1C427D6A52F000FE457 /* View+Extensions.swift in Sources */,
				371E294F27C40D2100C8ACBF /* CoffeeTrackerApp.swift in Sources */,
				371E297127C40FB300C8ACBF /* BeanFixtures.swift in Sources */,
				371E297527C4100900C8ACBF /* NewBeansView.swift in Sources */,
			);
			runOnlyForDeploymentPostprocessing = 0;
		};
		37CC7B0527FE9224008BE09D /* Sources */ = {
			isa = PBXSourcesBuildPhase;
			buildActionMask = 2147483647;
			files = (
				37CC7B0C27FE9224008BE09D /* BeanRowViewModelTests.swift in Sources */,
			);
			runOnlyForDeploymentPostprocessing = 0;
		};
/* End PBXSourcesBuildPhase section */

/* Begin PBXTargetDependency section */
		37CC7B0E27FE9224008BE09D /* PBXTargetDependency */ = {
			isa = PBXTargetDependency;
			target = 371E294A27C40D2100C8ACBF /* CoffeeTracker */;
			targetProxy = 37CC7B0D27FE9224008BE09D /* PBXContainerItemProxy */;
		};
/* End PBXTargetDependency section */

/* Begin XCBuildConfiguration section */
		371E295C27C40D2200C8ACBF /* Debug */ = {
			isa = XCBuildConfiguration;
			buildSettings = {
				ALWAYS_SEARCH_USER_PATHS = NO;
				CLANG_ANALYZER_NONNULL = YES;
				CLANG_ANALYZER_NUMBER_OBJECT_CONVERSION = YES_AGGRESSIVE;
				CLANG_CXX_LANGUAGE_STANDARD = "gnu++17";
				CLANG_CXX_LIBRARY = "libc++";
				CLANG_ENABLE_MODULES = YES;
				CLANG_ENABLE_OBJC_ARC = YES;
				CLANG_ENABLE_OBJC_WEAK = YES;
				CLANG_WARN_BLOCK_CAPTURE_AUTORELEASING = YES;
				CLANG_WARN_BOOL_CONVERSION = YES;
				CLANG_WARN_COMMA = YES;
				CLANG_WARN_CONSTANT_CONVERSION = YES;
				CLANG_WARN_DEPRECATED_OBJC_IMPLEMENTATIONS = YES;
				CLANG_WARN_DIRECT_OBJC_ISA_USAGE = YES_ERROR;
				CLANG_WARN_DOCUMENTATION_COMMENTS = YES;
				CLANG_WARN_EMPTY_BODY = YES;
				CLANG_WARN_ENUM_CONVERSION = YES;
				CLANG_WARN_INFINITE_RECURSION = YES;
				CLANG_WARN_INT_CONVERSION = YES;
				CLANG_WARN_NON_LITERAL_NULL_CONVERSION = YES;
				CLANG_WARN_OBJC_IMPLICIT_RETAIN_SELF = YES;
				CLANG_WARN_OBJC_LITERAL_CONVERSION = YES;
				CLANG_WARN_OBJC_ROOT_CLASS = YES_ERROR;
				CLANG_WARN_QUOTED_INCLUDE_IN_FRAMEWORK_HEADER = YES;
				CLANG_WARN_RANGE_LOOP_ANALYSIS = YES;
				CLANG_WARN_STRICT_PROTOTYPES = YES;
				CLANG_WARN_SUSPICIOUS_MOVE = YES;
				CLANG_WARN_UNGUARDED_AVAILABILITY = YES_AGGRESSIVE;
				CLANG_WARN_UNREACHABLE_CODE = YES;
				CLANG_WARN__DUPLICATE_METHOD_MATCH = YES;
				COPY_PHASE_STRIP = NO;
				DEBUG_INFORMATION_FORMAT = dwarf;
				ENABLE_STRICT_OBJC_MSGSEND = YES;
				ENABLE_TESTABILITY = YES;
				GCC_C_LANGUAGE_STANDARD = gnu11;
				GCC_DYNAMIC_NO_PIC = NO;
				GCC_NO_COMMON_BLOCKS = YES;
				GCC_OPTIMIZATION_LEVEL = 0;
				GCC_PREPROCESSOR_DEFINITIONS = (
					"DEBUG=1",
					"$(inherited)",
				);
				GCC_WARN_64_TO_32_BIT_CONVERSION = YES;
				GCC_WARN_ABOUT_RETURN_TYPE = YES_ERROR;
				GCC_WARN_UNDECLARED_SELECTOR = YES;
				GCC_WARN_UNINITIALIZED_AUTOS = YES_AGGRESSIVE;
				GCC_WARN_UNUSED_FUNCTION = YES;
				GCC_WARN_UNUSED_VARIABLE = YES;
				IPHONEOS_DEPLOYMENT_TARGET = 15.2;
				MTL_ENABLE_DEBUG_INFO = INCLUDE_SOURCE;
				MTL_FAST_MATH = YES;
				ONLY_ACTIVE_ARCH = YES;
				SDKROOT = iphoneos;
				SWIFT_ACTIVE_COMPILATION_CONDITIONS = DEBUG;
				SWIFT_OPTIMIZATION_LEVEL = "-Onone";
			};
			name = Debug;
		};
		371E295D27C40D2200C8ACBF /* Release */ = {
			isa = XCBuildConfiguration;
			buildSettings = {
				ALWAYS_SEARCH_USER_PATHS = NO;
				CLANG_ANALYZER_NONNULL = YES;
				CLANG_ANALYZER_NUMBER_OBJECT_CONVERSION = YES_AGGRESSIVE;
				CLANG_CXX_LANGUAGE_STANDARD = "gnu++17";
				CLANG_CXX_LIBRARY = "libc++";
				CLANG_ENABLE_MODULES = YES;
				CLANG_ENABLE_OBJC_ARC = YES;
				CLANG_ENABLE_OBJC_WEAK = YES;
				CLANG_WARN_BLOCK_CAPTURE_AUTORELEASING = YES;
				CLANG_WARN_BOOL_CONVERSION = YES;
				CLANG_WARN_COMMA = YES;
				CLANG_WARN_CONSTANT_CONVERSION = YES;
				CLANG_WARN_DEPRECATED_OBJC_IMPLEMENTATIONS = YES;
				CLANG_WARN_DIRECT_OBJC_ISA_USAGE = YES_ERROR;
				CLANG_WARN_DOCUMENTATION_COMMENTS = YES;
				CLANG_WARN_EMPTY_BODY = YES;
				CLANG_WARN_ENUM_CONVERSION = YES;
				CLANG_WARN_INFINITE_RECURSION = YES;
				CLANG_WARN_INT_CONVERSION = YES;
				CLANG_WARN_NON_LITERAL_NULL_CONVERSION = YES;
				CLANG_WARN_OBJC_IMPLICIT_RETAIN_SELF = YES;
				CLANG_WARN_OBJC_LITERAL_CONVERSION = YES;
				CLANG_WARN_OBJC_ROOT_CLASS = YES_ERROR;
				CLANG_WARN_QUOTED_INCLUDE_IN_FRAMEWORK_HEADER = YES;
				CLANG_WARN_RANGE_LOOP_ANALYSIS = YES;
				CLANG_WARN_STRICT_PROTOTYPES = YES;
				CLANG_WARN_SUSPICIOUS_MOVE = YES;
				CLANG_WARN_UNGUARDED_AVAILABILITY = YES_AGGRESSIVE;
				CLANG_WARN_UNREACHABLE_CODE = YES;
				CLANG_WARN__DUPLICATE_METHOD_MATCH = YES;
				COPY_PHASE_STRIP = NO;
				DEBUG_INFORMATION_FORMAT = "dwarf-with-dsym";
				ENABLE_NS_ASSERTIONS = NO;
				ENABLE_STRICT_OBJC_MSGSEND = YES;
				GCC_C_LANGUAGE_STANDARD = gnu11;
				GCC_NO_COMMON_BLOCKS = YES;
				GCC_WARN_64_TO_32_BIT_CONVERSION = YES;
				GCC_WARN_ABOUT_RETURN_TYPE = YES_ERROR;
				GCC_WARN_UNDECLARED_SELECTOR = YES;
				GCC_WARN_UNINITIALIZED_AUTOS = YES_AGGRESSIVE;
				GCC_WARN_UNUSED_FUNCTION = YES;
				GCC_WARN_UNUSED_VARIABLE = YES;
				IPHONEOS_DEPLOYMENT_TARGET = 15.2;
				MTL_ENABLE_DEBUG_INFO = NO;
				MTL_FAST_MATH = YES;
				SDKROOT = iphoneos;
				SWIFT_COMPILATION_MODE = wholemodule;
				SWIFT_OPTIMIZATION_LEVEL = "-O";
				VALIDATE_PRODUCT = YES;
			};
			name = Release;
		};
		371E295F27C40D2200C8ACBF /* Debug */ = {
			isa = XCBuildConfiguration;
			buildSettings = {
				ASSETCATALOG_COMPILER_APPICON_NAME = AppIcon;
				ASSETCATALOG_COMPILER_GLOBAL_ACCENT_COLOR_NAME = AccentColor;
				CODE_SIGN_ENTITLEMENTS = CoffeeTracker/CoffeeTracker.entitlements;
				CODE_SIGN_STYLE = Automatic;
				CURRENT_PROJECT_VERSION = 1;
				DEVELOPMENT_ASSET_PATHS = "\"CoffeeTracker/Preview Content\"";
				DEVELOPMENT_TEAM = ZDK82FGR3Z;
				ENABLE_PREVIEWS = YES;
				GENERATE_INFOPLIST_FILE = YES;
				INFOPLIST_FILE = CoffeeTracker/Info.plist;
				INFOPLIST_KEY_CFBundleDisplayName = coffee_;
				INFOPLIST_KEY_LSApplicationCategoryType = "public.app-category.food-and-drink";
				INFOPLIST_KEY_NSPhotoLibraryAddUsageDescription = "Save coffee images";
				INFOPLIST_KEY_NSPhotoLibraryUsageDescription = "View coffee images";
				INFOPLIST_KEY_UIApplicationSceneManifest_Generation = YES;
				INFOPLIST_KEY_UIApplicationSupportsIndirectInputEvents = YES;
				INFOPLIST_KEY_UIStatusBarHidden = NO;
				INFOPLIST_KEY_UISupportedInterfaceOrientations = "UIInterfaceOrientationPortrait UIInterfaceOrientationPortraitUpsideDown";
				INFOPLIST_KEY_UISupportedInterfaceOrientations_iPad = "UIInterfaceOrientationLandscapeLeft UIInterfaceOrientationLandscapeRight";
				IPHONEOS_DEPLOYMENT_TARGET = 16.0;
				LD_RUNPATH_SEARCH_PATHS = (
					"$(inherited)",
					"@executable_path/Frameworks",
				);
				MARKETING_VERSION = 1.2;
				PRODUCT_BUNDLE_IDENTIFIER = dev.cctplus.CoffeeTracker;
				PRODUCT_NAME = Coffee_;
				SWIFT_EMIT_LOC_STRINGS = YES;
				SWIFT_VERSION = 5.0;
				TARGETED_DEVICE_FAMILY = 1;
			};
			name = Debug;
		};
		371E296027C40D2200C8ACBF /* Release */ = {
			isa = XCBuildConfiguration;
			buildSettings = {
				ASSETCATALOG_COMPILER_APPICON_NAME = AppIcon;
				ASSETCATALOG_COMPILER_GLOBAL_ACCENT_COLOR_NAME = AccentColor;
				CODE_SIGN_ENTITLEMENTS = CoffeeTracker/CoffeeTracker.entitlements;
				CODE_SIGN_STYLE = Automatic;
				CURRENT_PROJECT_VERSION = 1;
				DEVELOPMENT_ASSET_PATHS = "\"CoffeeTracker/Preview Content\"";
				DEVELOPMENT_TEAM = ZDK82FGR3Z;
				ENABLE_PREVIEWS = YES;
				GENERATE_INFOPLIST_FILE = YES;
				INFOPLIST_FILE = CoffeeTracker/Info.plist;
				INFOPLIST_KEY_CFBundleDisplayName = coffee_;
				INFOPLIST_KEY_LSApplicationCategoryType = "public.app-category.food-and-drink";
				INFOPLIST_KEY_NSPhotoLibraryAddUsageDescription = "Save coffee images";
				INFOPLIST_KEY_NSPhotoLibraryUsageDescription = "View coffee images";
				INFOPLIST_KEY_UIApplicationSceneManifest_Generation = YES;
				INFOPLIST_KEY_UIApplicationSupportsIndirectInputEvents = YES;
				INFOPLIST_KEY_UIStatusBarHidden = NO;
				INFOPLIST_KEY_UISupportedInterfaceOrientations = "UIInterfaceOrientationPortrait UIInterfaceOrientationPortraitUpsideDown";
				INFOPLIST_KEY_UISupportedInterfaceOrientations_iPad = "UIInterfaceOrientationLandscapeLeft UIInterfaceOrientationLandscapeRight";
				IPHONEOS_DEPLOYMENT_TARGET = 16.0;
				LD_RUNPATH_SEARCH_PATHS = (
					"$(inherited)",
					"@executable_path/Frameworks",
				);
				MARKETING_VERSION = 1.2;
				PRODUCT_BUNDLE_IDENTIFIER = dev.cctplus.CoffeeTracker;
				PRODUCT_NAME = Coffee_;
				SWIFT_EMIT_LOC_STRINGS = YES;
				SWIFT_VERSION = 5.0;
				TARGETED_DEVICE_FAMILY = 1;
			};
			name = Release;
		};
		37CC7B1027FE9224008BE09D /* Debug */ = {
			isa = XCBuildConfiguration;
			buildSettings = {
				BUNDLE_LOADER = "$(TEST_HOST)";
				CODE_SIGN_STYLE = Automatic;
				CURRENT_PROJECT_VERSION = 1;
				DEVELOPMENT_TEAM = ZDK82FGR3Z;
				GENERATE_INFOPLIST_FILE = YES;
				IPHONEOS_DEPLOYMENT_TARGET = 15.4;
				MARKETING_VERSION = 1.0;
				PRODUCT_BUNDLE_IDENTIFIER = dev.cctplus.CoffeeTrackerTests;
				PRODUCT_NAME = "$(TARGET_NAME)";
				SWIFT_EMIT_LOC_STRINGS = NO;
				SWIFT_VERSION = 5.0;
				TARGETED_DEVICE_FAMILY = "1,2";
				TEST_HOST = "$(BUILT_PRODUCTS_DIR)/Coffee_.app/Coffee_";
			};
			name = Debug;
		};
		37CC7B1127FE9224008BE09D /* Release */ = {
			isa = XCBuildConfiguration;
			buildSettings = {
				BUNDLE_LOADER = "$(TEST_HOST)";
				CODE_SIGN_STYLE = Automatic;
				CURRENT_PROJECT_VERSION = 1;
				DEVELOPMENT_TEAM = ZDK82FGR3Z;
				GENERATE_INFOPLIST_FILE = YES;
				IPHONEOS_DEPLOYMENT_TARGET = 15.4;
				MARKETING_VERSION = 1.0;
				PRODUCT_BUNDLE_IDENTIFIER = dev.cctplus.CoffeeTrackerTests;
				PRODUCT_NAME = "$(TARGET_NAME)";
				SWIFT_EMIT_LOC_STRINGS = NO;
				SWIFT_VERSION = 5.0;
				TARGETED_DEVICE_FAMILY = "1,2";
				TEST_HOST = "$(BUILT_PRODUCTS_DIR)/Coffee_.app/Coffee_";
			};
			name = Release;
		};
/* End XCBuildConfiguration section */

/* Begin XCConfigurationList section */
		371E294627C40D2100C8ACBF /* Build configuration list for PBXProject "CoffeeTracker" */ = {
			isa = XCConfigurationList;
			buildConfigurations = (
				371E295C27C40D2200C8ACBF /* Debug */,
				371E295D27C40D2200C8ACBF /* Release */,
			);
			defaultConfigurationIsVisible = 0;
			defaultConfigurationName = Release;
		};
		371E295E27C40D2200C8ACBF /* Build configuration list for PBXNativeTarget "CoffeeTracker" */ = {
			isa = XCConfigurationList;
			buildConfigurations = (
				371E295F27C40D2200C8ACBF /* Debug */,
				371E296027C40D2200C8ACBF /* Release */,
			);
			defaultConfigurationIsVisible = 0;
			defaultConfigurationName = Release;
		};
		37CC7B0F27FE9224008BE09D /* Build configuration list for PBXNativeTarget "CoffeeTrackerTests" */ = {
			isa = XCConfigurationList;
			buildConfigurations = (
				37CC7B1027FE9224008BE09D /* Debug */,
				37CC7B1127FE9224008BE09D /* Release */,
			);
			defaultConfigurationIsVisible = 0;
			defaultConfigurationName = Release;
		};
/* End XCConfigurationList section */

/* Begin XCRemoteSwiftPackageReference section */
		3776B9DC27E8B32D0042C494 /* XCRemoteSwiftPackageReference "octokit" */ = {
			isa = XCRemoteSwiftPackageReference;
			repositoryURL = "https://github.com/nerdishbynature/octokit.swift";
			requirement = {
				kind = upToNextMajorVersion;
				minimumVersion = 0.9.0;
			};
		};
		37C9838527E4E5B8007C85E3 /* XCRemoteSwiftPackageReference "purchases-ios" */ = {
			isa = XCRemoteSwiftPackageReference;
			repositoryURL = "https://github.com/RevenueCat/purchases-ios.git";
			requirement = {
				kind = upToNextMajorVersion;
				minimumVersion = 4.0.0;
			};
		};
/* End XCRemoteSwiftPackageReference section */

/* Begin XCSwiftPackageProductDependency section */
		3776B9DD27E8B32D0042C494 /* OctoKit */ = {
			isa = XCSwiftPackageProductDependency;
			package = 3776B9DC27E8B32D0042C494 /* XCRemoteSwiftPackageReference "octokit" */;
			productName = OctoKit;
		};
		37C9838627E4E5B8007C85E3 /* RevenueCat */ = {
			isa = XCSwiftPackageProductDependency;
			package = 37C9838527E4E5B8007C85E3 /* XCRemoteSwiftPackageReference "purchases-ios" */;
			productName = RevenueCat;
		};
/* End XCSwiftPackageProductDependency section */

/* Begin XCVersionGroup section */
		371E295927C40D2200C8ACBF /* CoffeeTracker.xcdatamodeld */ = {
			isa = XCVersionGroup;
			children = (
				371E295A27C40D2200C8ACBF /* CoffeeTracker.xcdatamodel */,
			);
			currentVersion = 371E295A27C40D2200C8ACBF /* CoffeeTracker.xcdatamodel */;
			path = CoffeeTracker.xcdatamodeld;
			sourceTree = "<group>";
			versionGroupType = wrapper.xcdatamodel;
		};
/* End XCVersionGroup section */
	};
	rootObject = 371E294327C40D2100C8ACBF /* Project object */;
}
