{
  "pins" : [
    {
      "identity" : "octokit.swift",
      "kind" : "remoteSourceControl",
      "location" : "https://github.com/nerdishbynature/octokit.swift",
      "state" : {
        "revision" : "9521cdff919053868ab13cd08a228f7bc1bde2a9",
        "version" : "0.11.0"
      }
    },
    {
      "identity" : "posthog-ios",
      "kind" : "remoteSourceControl",
      "location" : "https://github.com/PostHog/posthog-ios.git",
      "state" : {
        "revision" : "aaacd41c9109af0e56ddec8da1566e98717c92ff",
        "version" : "2.0.0"
      }
    },
    {
      "identity" : "purchases-ios",
      "kind" : "remoteSourceControl",
      "location" : "https://github.com/RevenueCat/purchases-ios.git",
      "state" : {
        "revision" : "6bba57d6a3f19b9ae09c9540d49e4d45f8039048",
        "version" : "4.9.1"
      }
    },
    {
      "identity" : "requestkit",
      "kind" : "remoteSourceControl",
      "location" : "https://github.com/nerdishbynature/RequestKit.git",
      "state" : {
        "revision" : "fd5e9e99aada7432170366c9e95967011ce13bad",
        "version" : "2.4.0"
      }
    }
  ],
  "version" : 2
}
